<?xml version="1.0" encoding="utf-8"?>
<Project ToolsVersion="4.0" xmlns="http://schemas.microsoft.com/developer/msbuild/2003">
  <ItemGroup>
    <Filter Include="Source Files">
      <UniqueIdentifier>{4FC737F1-C7A5-4376-A066-2A32D752A2FF}</UniqueIdentifier>
      <Extensions>cpp;c;cc;cxx;c++;cppm;ixx;def;odl;idl;hpj;bat;asm;asmx</Extensions>
    </Filter>
    <Filter Include="Header Files">
      <UniqueIdentifier>{93995380-89BD-4b04-88EB-625FBE52EBFB}</UniqueIdentifier>
      <Extensions>h;hh;hpp;hxx;h++;hm;inl;inc;ipp;xsd</Extensions>
    </Filter>
    <Filter Include="Resource Files">
      <UniqueIdentifier>{67DA6AB6-F800-4c08-8B7A-83BB121AAD01}</UniqueIdentifier>
      <Extensions>rc;ico;cur;bmp;dlg;rc2;rct;bin;rgs;gif;jpg;jpeg;jpe;resx;tiff;tif;png;wav;mfcribbon-ms</Extensions>
    </Filter>
    <Filter Include="Source Files\day1">
      <UniqueIdentifier>{6d67c302-4e92-4daf-8ff5-d1c3f42db05d}</UniqueIdentifier>
    </Filter>
    <Filter Include="Source Files\day2">
      <UniqueIdentifier>{520bb252-c6e9-411f-a29c-00f9464790ce}</UniqueIdentifier>
    </Filter>
    <Filter Include="Source Files\day3">
      <UniqueIdentifier>{716c626f-0017-4aeb-959a-9411574242f3}</UniqueIdentifier>
    </Filter>
    <Filter Include="Source Files\day4">
      <UniqueIdentifier>{4cb959aa-7aaf-4845-aa06-5704d98c3340}</UniqueIdentifier>
    </Filter>
  </ItemGroup>
  <ItemGroup>
    <ClCompile Include="AdventOfCode2021.cpp">
      <Filter>Source Files</Filter>
    </ClCompile>
    <ClCompile Include="day1\day1.cpp">
      <Filter>Source Files\day1</Filter>
    </ClCompile>
    <ClCompile Include="day2\day2.cpp">
      <Filter>Source Files\day2</Filter>
    </ClCompile>
    <ClCompile Include="day3\day3.cpp">
      <Filter>Source Files\day3</Filter>
    </ClCompile>
    <ClCompile Include="day4\day4.cpp">
      <Filter>Source Files\day4</Filter>
    </ClCompile>
  </ItemGroup>
  <ItemGroup>
    <ClInclude Include="day1\day1.h">
      <Filter>Source Files\day1</Filter>
    </ClInclude>
    <ClInclude Include="day2\day2.h">
      <Filter>Source Files\day2</Filter>
    </ClInclude>
    <ClInclude Include="day3\day3.h">
      <Filter>Source Files\day3</Filter>
    </ClInclude>
    <ClInclude Include="day4\day4.h">
      <Filter>Source Files\day4</Filter>
    </ClInclude>
  </ItemGroup>
  <ItemGroup>
    <Text Include="day1\day1Input.txt">
      <Filter>Source Files\day1</Filter>
    </Text>
    <Text Include="day2\day2Input.txt">
      <Filter>Source Files\day2</Filter>
    </Text>
    <Text Include="day3\day3Input.txt">
      <Filter>Source Files\day3</Filter>
    </Text>
    <Text Include="day4\day4Input.txt">
      <Filter>Source Files\day4</Filter>
    </Text>
  </ItemGroup>
</Project>